
Microsoft Visual Studio Solution File, Format Version 12.00
# Visual Studio Version 17
VisualStudioVersion = 17.11.35327.3
MinimumVisualStudioVersion = 10.0.40219.1
Project("{FAE04EC0-301F-11D3-BF4B-00C04F79EFBC}") = "WFNovo", "WFNovo\WFNovo.csproj", "{48039B87-11AB-466C-9BA6-6263145595BC}"
EndProject
Project("{FAE04EC0-301F-11D3-BF4B-00C04F79EFBC}") = "GestaoDeEstoque", "GestaoDeEstoque\GestaoDeEstoque.csproj", "{90667DC5-5C1B-43D5-AF16-09B0B94765FE}"
EndProject
Global
	GlobalSection(SolutionConfigurationPlatforms) = preSolution
		Debug|Any CPU = Debug|Any CPU
		Release|Any CPU = Release|Any CPU
	EndGlobalSection
	GlobalSection(ProjectConfigurationPlatforms) = postSolution
		{48039B87-11AB-466C-9BA6-6263145595BC}.Debug|Any CPU.ActiveCfg = Debug|Any CPU
		{48039B87-11AB-466C-9BA6-6263145595BC}.Debug|Any CPU.Build.0 = Debug|Any CPU
		{48039B87-11AB-466C-9BA6-6263145595BC}.Release|Any CPU.ActiveCfg = Release|Any CPU
		{48039B87-11AB-466C-9BA6-6263145595BC}.Release|Any CPU.Build.0 = Release|Any CPU
		{90667DC5-5C1B-43D5-AF16-09B0B94765FE}.Debug|Any CPU.ActiveCfg = Debug|Any CPU
		{90667DC5-5C1B-43D5-AF16-09B0B94765FE}.Debug|Any CPU.Build.0 = Debug|Any CPU
		{90667DC5-5C1B-43D5-AF16-09B0B94765FE}.Release|Any CPU.ActiveCfg = Release|Any CPU
		{90667DC5-5C1B-43D5-AF16-09B0B94765FE}.Release|Any CPU.Build.0 = Release|Any CPU
	EndGlobalSection
	GlobalSection(SolutionProperties) = preSolution
		HideSolutionNode = FALSE
	EndGlobalSection
	GlobalSection(ExtensibilityGlobals) = postSolution
		SolutionGuid = {458D0087-5F51-44B9-A1F1-808AA63E892A}
	EndGlobalSection
EndGlobal
